{
  "name": "npm-prepare-test",
  "version": "1.0.0",
  "lockfileVersion": 1,
  "requires": true,
  "dependencies": {
    "npm-prepare-test-installed": {
      "version": "git+https://github.com/s1r-J/npm-prepare-test-installed.git#a767c3f469991e1b263866de0e3a5c7c779470b2",
      "from": "git+https://github.com/s1r-J/npm-prepare-test-installed.git"
    }
  }
}
